<?xml version="1.0" encoding="utf-8"?>
<Project ToolsVersion="4.0" xmlns="http://schemas.microsoft.com/developer/msbuild/2003">
  <ItemGroup>
    <ClCompile Include="main.cpp" />
    <ClCompile Include="lib\fun.cpp" />
  </ItemGroup>
  <ItemGroup>
    <ClInclude Include="lib\source\include\include.h" />
    <ClInclude Include="lib\source\include\ItemBot.h" />
    <ClInclude Include="lib\source\include\fun.h" />
  </ItemGroup>
</Project>